
Microsoft Visual Studio Solution File, Format Version 12.00
Project("{FAE04EC0-301F-11D3-BF4B-00C04F79EFBC}") = "MudDemo.Client", "MudDemo.Client\MudDemo.Client.csproj", "{5E70AD79-0625-4D8D-A780-F1F28DC76809}"
EndProject
Global
	GlobalSection(SolutionConfigurationPlatforms) = preSolution
		Debug|Any CPU = Debug|Any CPU
		Release|Any CPU = Release|Any CPU
	EndGlobalSection
	GlobalSection(ProjectConfigurationPlatforms) = postSolution
		{5E70AD79-0625-4D8D-A780-F1F28DC76809}.Debug|Any CPU.ActiveCfg = Debug|Any CPU
		{5E70AD79-0625-4D8D-A780-F1F28DC76809}.Debug|Any CPU.Build.0 = Debug|Any CPU
		{5E70AD79-0625-4D8D-A780-F1F28DC76809}.Release|Any CPU.ActiveCfg = Release|Any CPU
		{5E70AD79-0625-4D8D-A780-F1F28DC76809}.Release|Any CPU.Build.0 = Release|Any CPU
	EndGlobalSection
EndGlobal
