
Microsoft Visual Studio Solution File, Format Version 12.00
# Visual Studio Version 17
VisualStudioVersion = 17.0.32112.339
MinimumVisualStudioVersion = 10.0.40219.1
Project("{9A19103F-16F7-4668-BE54-9A1E7A4F7556}") = "MudDemo.Client", "MudDemo.Client\MudDemo.Client.csproj", "{5E70AD79-0625-4D8D-A780-F1F28DC76809}"
EndProject
Project("{9A19103F-16F7-4668-BE54-9A1E7A4F7556}") = "MudDemo.Server", "MudDemo.Server\MudDemo.Server.csproj", "{7FD351C6-DCA4-44E7-85A1-169991D51FDB}"
EndProject
Global
	GlobalSection(SolutionConfigurationPlatforms) = preSolution
		Debug|Any CPU = Debug|Any CPU
		Release|Any CPU = Release|Any CPU
	EndGlobalSection
	GlobalSection(ProjectConfigurationPlatforms) = postSolution
		{5E70AD79-0625-4D8D-A780-F1F28DC76809}.Debug|Any CPU.ActiveCfg = Debug|Any CPU
		{5E70AD79-0625-4D8D-A780-F1F28DC76809}.Debug|Any CPU.Build.0 = Debug|Any CPU
		{5E70AD79-0625-4D8D-A780-F1F28DC76809}.Release|Any CPU.ActiveCfg = Release|Any CPU
		{5E70AD79-0625-4D8D-A780-F1F28DC76809}.Release|Any CPU.Build.0 = Release|Any CPU
		{7FD351C6-DCA4-44E7-85A1-169991D51FDB}.Debug|Any CPU.ActiveCfg = Debug|Any CPU
		{7FD351C6-DCA4-44E7-85A1-169991D51FDB}.Debug|Any CPU.Build.0 = Debug|Any CPU
		{7FD351C6-DCA4-44E7-85A1-169991D51FDB}.Release|Any CPU.ActiveCfg = Release|Any CPU
		{7FD351C6-DCA4-44E7-85A1-169991D51FDB}.Release|Any CPU.Build.0 = Release|Any CPU
	EndGlobalSection
	GlobalSection(SolutionProperties) = preSolution
		HideSolutionNode = FALSE
	EndGlobalSection
	GlobalSection(ExtensibilityGlobals) = postSolution
		SolutionGuid = {A0AF22C2-89AB-44AF-A523-1A26F0912EAE}
	EndGlobalSection
EndGlobal
